
Microsoft Visual Studio Solution File, Format Version 12.00
# Visual Studio 2013
VisualStudioVersion = 12.0.31101.0
MinimumVisualStudioVersion = 10.0.40219.1
Project("{FAE04EC0-301F-11D3-BF4B-00C04F79EFBC}") = "TemplateManager", "TemplateManager\TemplateManager.csproj", "{B541E147-EC75-48CA-9AED-CB7BC063103B}"
EndProject
Project("{FAE04EC0-301F-11D3-BF4B-00C04F79EFBC}") = "ContourAnalysisProcessing", "..\ContourAnalysis\CAProcessing\ContourAnalysisProcessing.csproj", "{38F5165F-094D-42E5-B4AA-7BF299901F5F}"
EndProject
Project("{FAE04EC0-301F-11D3-BF4B-00C04F79EFBC}") = "ContourAnalysis", "..\ContourAnalysis\CA\ContourAnalysis.csproj", "{DDBD6CF7-2367-4084-A609-1B9C1885DC98}"
EndProject
Global
	GlobalSection(SolutionConfigurationPlatforms) = preSolution
		Debug|Any CPU = Debug|Any CPU
		Release|Any CPU = Release|Any CPU
	EndGlobalSection
	GlobalSection(ProjectConfigurationPlatforms) = postSolution
		{B541E147-EC75-48CA-9AED-CB7BC063103B}.Debug|Any CPU.ActiveCfg = Debug|Any CPU
		{B541E147-EC75-48CA-9AED-CB7BC063103B}.Debug|Any CPU.Build.0 = Debug|Any CPU
		{B541E147-EC75-48CA-9AED-CB7BC063103B}.Release|Any CPU.ActiveCfg = Release|Any CPU
		{B541E147-EC75-48CA-9AED-CB7BC063103B}.Release|Any CPU.Build.0 = Release|Any CPU
		{38F5165F-094D-42E5-B4AA-7BF299901F5F}.Debug|Any CPU.ActiveCfg = Debug|Any CPU
		{38F5165F-094D-42E5-B4AA-7BF299901F5F}.Debug|Any CPU.Build.0 = Debug|Any CPU
		{38F5165F-094D-42E5-B4AA-7BF299901F5F}.Release|Any CPU.ActiveCfg = Release|Any CPU
		{38F5165F-094D-42E5-B4AA-7BF299901F5F}.Release|Any CPU.Build.0 = Release|Any CPU
		{DDBD6CF7-2367-4084-A609-1B9C1885DC98}.Debug|Any CPU.ActiveCfg = Debug|Any CPU
		{DDBD6CF7-2367-4084-A609-1B9C1885DC98}.Debug|Any CPU.Build.0 = Debug|Any CPU
		{DDBD6CF7-2367-4084-A609-1B9C1885DC98}.Release|Any CPU.ActiveCfg = Release|Any CPU
		{DDBD6CF7-2367-4084-A609-1B9C1885DC98}.Release|Any CPU.Build.0 = Release|Any CPU
	EndGlobalSection
	GlobalSection(SolutionProperties) = preSolution
		HideSolutionNode = FALSE
	EndGlobalSection
EndGlobal
